
Microsoft Visual Studio Solution File, Format Version 12.00
# Visual Studio 14
VisualStudioVersion = 14.0.25123.0
MinimumVisualStudioVersion = 10.0.40219.1
Project("{FAE04EC0-301F-11D3-BF4B-00C04F79EFBC}") = "HurriyetApiClient", "Client\HurriyetApiClient.csproj", "{4243EE2B-61A5-4AD0-95C9-AFE48A59A0A9}"
EndProject
Project("{FAE04EC0-301F-11D3-BF4B-00C04F79EFBC}") = "HurriyetApiClient.Tests", "Tests\HurriyetApiClient.Tests.csproj", "{6C1509CE-E9BD-4A21-AA49-3B7EBB28C4ED}"
EndProject
Project("{FAE04EC0-301F-11D3-BF4B-00C04F79EFBC}") = "HurriyetApiClient.Contract", "Contract\HurriyetApiClient.Contract.csproj", "{5C73FCCE-C873-466F-9599-67B89116199A}"
EndProject
Global
	GlobalSection(SolutionConfigurationPlatforms) = preSolution
		Debug|Any CPU = Debug|Any CPU
		Release|Any CPU = Release|Any CPU
	EndGlobalSection
	GlobalSection(ProjectConfigurationPlatforms) = postSolution
		{4243EE2B-61A5-4AD0-95C9-AFE48A59A0A9}.Debug|Any CPU.ActiveCfg = Debug|Any CPU
		{4243EE2B-61A5-4AD0-95C9-AFE48A59A0A9}.Debug|Any CPU.Build.0 = Debug|Any CPU
		{4243EE2B-61A5-4AD0-95C9-AFE48A59A0A9}.Release|Any CPU.ActiveCfg = Release|Any CPU
		{4243EE2B-61A5-4AD0-95C9-AFE48A59A0A9}.Release|Any CPU.Build.0 = Release|Any CPU
		{6C1509CE-E9BD-4A21-AA49-3B7EBB28C4ED}.Debug|Any CPU.ActiveCfg = Debug|Any CPU
		{6C1509CE-E9BD-4A21-AA49-3B7EBB28C4ED}.Debug|Any CPU.Build.0 = Debug|Any CPU
		{6C1509CE-E9BD-4A21-AA49-3B7EBB28C4ED}.Release|Any CPU.ActiveCfg = Release|Any CPU
		{6C1509CE-E9BD-4A21-AA49-3B7EBB28C4ED}.Release|Any CPU.Build.0 = Release|Any CPU
		{5C73FCCE-C873-466F-9599-67B89116199A}.Debug|Any CPU.ActiveCfg = Debug|Any CPU
		{5C73FCCE-C873-466F-9599-67B89116199A}.Debug|Any CPU.Build.0 = Debug|Any CPU
		{5C73FCCE-C873-466F-9599-67B89116199A}.Release|Any CPU.ActiveCfg = Release|Any CPU
		{5C73FCCE-C873-466F-9599-67B89116199A}.Release|Any CPU.Build.0 = Release|Any CPU
	EndGlobalSection
	GlobalSection(SolutionProperties) = preSolution
		HideSolutionNode = FALSE
	EndGlobalSection
EndGlobal
